Microsoft Visual Studio Solution File, Format Version 12.00
# Visual Studio Version 17
VisualStudioVersion = 17.5.2.0
MinimumVisualStudioVersion = 10.0.40219.1
Project("{FAE04EC0-301F-11D3-BF4B-00C04F79EFBC}") = "AiTextSummarizerApi", "AiTextSummarizerApi.csproj", "{AC60CC3B-9EA9-B850-0010-C6692336F69E}"
EndProject
Global
	GlobalSection(SolutionConfigurationPlatforms) = preSolution
		Debug|Any CPU = Debug|Any CPU
		Release|Any CPU = Release|Any CPU
	EndGlobalSection
	GlobalSection(ProjectConfigurationPlatforms) = postSolution
		{AC60CC3B-9EA9-B850-0010-C6692336F69E}.Debug|Any CPU.ActiveCfg = Debug|Any CPU
		{AC60CC3B-9EA9-B850-0010-C6692336F69E}.Debug|Any CPU.Build.0 = Debug|Any CPU
		{AC60CC3B-9EA9-B850-0010-C6692336F69E}.Release|Any CPU.ActiveCfg = Release|Any CPU
		{AC60CC3B-9EA9-B850-0010-C6692336F69E}.Release|Any CPU.Build.0 = Release|Any CPU
	EndGlobalSection
	GlobalSection(SolutionProperties) = preSolution
		HideSolutionNode = FALSE
	EndGlobalSection
	GlobalSection(ExtensibilityGlobals) = postSolution
		SolutionGuid = {AB3D0E20-4464-4200-A8AF-6C883C133586}
	EndGlobalSection
EndGlobal
